// !$*UTF8*$!
{
	archiveVersion = 1;
	classes = {
	};
	objectVersion = 46;
	objects = {

/* Begin PBXBuildFile section */
		551A05011DFB02090061CE97 /* AppDelegate.swift in Sources */ = {isa = PBXBuildFile; fileRef = 551A05001DFB02090061CE97 /* AppDelegate.swift */; };
		551A05031DFB02090061CE97 /* ViewController.swift in Sources */ = {isa = PBXBuildFile; fileRef = 551A05021DFB02090061CE97 /* ViewController.swift */; };
		551A05061DFB02090061CE97 /* Main.storyboard in Resources */ = {isa = PBXBuildFile; fileRef = 551A05041DFB02090061CE97 /* Main.storyboard */; };
		551A05081DFB02090061CE97 /* Assets.xcassets in Resources */ = {isa = PBXBuildFile; fileRef = 551A05071DFB02090061CE97 /* Assets.xcassets */; };
		551A050B1DFB02090061CE97 /* LaunchScreen.storyboard in Resources */ = {isa = PBXBuildFile; fileRef = 551A05091DFB02090061CE97 /* LaunchScreen.storyboard */; };
		551A05151DFB0DE20061CE97 /* IntroViewController.swift in Sources */ = {isa = PBXBuildFile; fileRef = 551A05141DFB0DE20061CE97 /* IntroViewController.swift */; };
		551A05191DFB10800061CE97 /* Utils.swift in Sources */ = {isa = PBXBuildFile; fileRef = 551A05181DFB10800061CE97 /* Utils.swift */; };
		551A051B1DFB3BE10061CE97 /* SignInViewController.swift in Sources */ = {isa = PBXBuildFile; fileRef = 551A051A1DFB3BE10061CE97 /* SignInViewController.swift */; };
		551A051D1DFB3BF30061CE97 /* RegisterViewController.swift in Sources */ = {isa = PBXBuildFile; fileRef = 551A051C1DFB3BF30061CE97 /* RegisterViewController.swift */; };
		551A051F1DFB51320061CE97 /* SignInNavigationViewController.swift in Sources */ = {isa = PBXBuildFile; fileRef = 551A051E1DFB51320061CE97 /* SignInNavigationViewController.swift */; };
		551A05211DFBA73B0061CE97 /* TypeViewController.swift in Sources */ = {isa = PBXBuildFile; fileRef = 551A05201DFBA73B0061CE97 /* TypeViewController.swift */; };
		551A05241DFBB33C0061CE97 /* HomeViewController.swift in Sources */ = {isa = PBXBuildFile; fileRef = 551A05231DFBB33C0061CE97 /* HomeViewController.swift */; };
		551A05271DFC62840061CE97 /* BallonMaker.swift in Sources */ = {isa = PBXBuildFile; fileRef = 551A05261DFC62840061CE97 /* BallonMaker.swift */; };
		551A05291DFC6C120061CE97 /* XYMarkerView.swift in Sources */ = {isa = PBXBuildFile; fileRef = 551A05281DFC6C120061CE97 /* XYMarkerView.swift */; };
		EC2E1E483A5DE1A32EEDFA96 /* Pods_Spared.framework in Frameworks */ = {isa = PBXBuildFile; fileRef = E541D1A33200E9A6DA2A70A4 /* Pods_Spared.framework */; };
/* End PBXBuildFile section */

/* Begin PBXFileReference section */
		551A04FD1DFB02090061CE97 /* Spared.app */ = {isa = PBXFileReference; explicitFileType = wrapper.application; includeInIndex = 0; path = Spared.app; sourceTree = BUILT_PRODUCTS_DIR; };
		551A05001DFB02090061CE97 /* AppDelegate.swift */ = {isa = PBXFileReference; lastKnownFileType = sourcecode.swift; path = AppDelegate.swift; sourceTree = "<group>"; };
		551A05021DFB02090061CE97 /* ViewController.swift */ = {isa = PBXFileReference; lastKnownFileType = sourcecode.swift; path = ViewController.swift; sourceTree = "<group>"; };
		551A05051DFB02090061CE97 /* Base */ = {isa = PBXFileReference; lastKnownFileType = file.storyboard; name = Base; path = Base.lproj/Main.storyboard; sourceTree = "<group>"; };
		551A05071DFB02090061CE97 /* Assets.xcassets */ = {isa = PBXFileReference; lastKnownFileType = folder.assetcatalog; path = Assets.xcassets; sourceTree = "<group>"; };
		551A050A1DFB02090061CE97 /* Base */ = {isa = PBXFileReference; lastKnownFileType = file.storyboard; name = Base; path = Base.lproj/LaunchScreen.storyboard; sourceTree = "<group>"; };
		551A050C1DFB02090061CE97 /* Info.plist */ = {isa = PBXFileReference; lastKnownFileType = text.plist.xml; path = Info.plist; sourceTree = "<group>"; };
		551A05141DFB0DE20061CE97 /* IntroViewController.swift */ = {isa = PBXFileReference; fileEncoding = 4; lastKnownFileType = sourcecode.swift; name = IntroViewController.swift; path = Views/Intro/IntroViewController.swift; sourceTree = "<group>"; };
		551A05181DFB10800061CE97 /* Utils.swift */ = {isa = PBXFileReference; fileEncoding = 4; lastKnownFileType = sourcecode.swift; name = Utils.swift; path = Classes/Utils/Utils.swift; sourceTree = "<group>"; };
		551A051A1DFB3BE10061CE97 /* SignInViewController.swift */ = {isa = PBXFileReference; fileEncoding = 4; lastKnownFileType = sourcecode.swift; name = SignInViewController.swift; path = Views/Intro/SignInViewController.swift; sourceTree = "<group>"; };
		551A051C1DFB3BF30061CE97 /* RegisterViewController.swift */ = {isa = PBXFileReference; fileEncoding = 4; lastKnownFileType = sourcecode.swift; name = RegisterViewController.swift; path = Views/Intro/RegisterViewController.swift; sourceTree = "<group>"; };
		551A051E1DFB51320061CE97 /* SignInNavigationViewController.swift */ = {isa = PBXFileReference; fileEncoding = 4; lastKnownFileType = sourcecode.swift; name = SignInNavigationViewController.swift; path = Views/Intro/SignInNavigationViewController.swift; sourceTree = "<group>"; };
		551A05201DFBA73B0061CE97 /* TypeViewController.swift */ = {isa = PBXFileReference; fileEncoding = 4; lastKnownFileType = sourcecode.swift; name = TypeViewController.swift; path = Views/Intro/TypeViewController.swift; sourceTree = "<group>"; };
		551A05231DFBB33C0061CE97 /* HomeViewController.swift */ = {isa = PBXFileReference; fileEncoding = 4; lastKnownFileType = sourcecode.swift; name = HomeViewController.swift; path = Views/Home/HomeViewController.swift; sourceTree = "<group>"; };
		551A05261DFC62840061CE97 /* BallonMaker.swift */ = {isa = PBXFileReference; fileEncoding = 4; lastKnownFileType = sourcecode.swift; name = BallonMaker.swift; path = Classes/Charts/BallonMaker.swift; sourceTree = "<group>"; };
		551A05281DFC6C120061CE97 /* XYMarkerView.swift */ = {isa = PBXFileReference; fileEncoding = 4; lastKnownFileType = sourcecode.swift; path = XYMarkerView.swift; sourceTree = "<group>"; };
		94FBA2B813A2A0BE81E71798 /* Pods-Spared.debug.xcconfig */ = {isa = PBXFileReference; includeInIndex = 1; lastKnownFileType = text.xcconfig; name = "Pods-Spared.debug.xcconfig"; path = "Pods/Target Support Files/Pods-Spared/Pods-Spared.debug.xcconfig"; sourceTree = "<group>"; };
		C905D23279F2E2A3F097E249 /* Pods-Spared.release.xcconfig */ = {isa = PBXFileReference; includeInIndex = 1; lastKnownFileType = text.xcconfig; name = "Pods-Spared.release.xcconfig"; path = "Pods/Target Support Files/Pods-Spared/Pods-Spared.release.xcconfig"; sourceTree = "<group>"; };
		E541D1A33200E9A6DA2A70A4 /* Pods_Spared.framework */ = {isa = PBXFileReference; explicitFileType = wrapper.framework; includeInIndex = 0; path = Pods_Spared.framework; sourceTree = BUILT_PRODUCTS_DIR; };
/* End PBXFileReference section */

/* Begin PBXFrameworksBuildPhase section */
		551A04FA1DFB02090061CE97 /* Frameworks */ = {
			isa = PBXFrameworksBuildPhase;
			buildActionMask = 2147483647;
			files = (
				EC2E1E483A5DE1A32EEDFA96 /* Pods_Spared.framework in Frameworks */,
			);
			runOnlyForDeploymentPostprocessing = 0;
		};
/* End PBXFrameworksBuildPhase section */

/* Begin PBXGroup section */
		551A04F41DFB02090061CE97 = {
			isa = PBXGroup;
			children = (
				551A04FF1DFB02090061CE97 /* Spared */,
				551A04FE1DFB02090061CE97 /* Products */,
				BCA049875FAA02F785B1E7F0 /* Pods */,
				C926CBF803662B4A101DC02E /* Frameworks */,
			);
			sourceTree = "<group>";
		};
		551A04FE1DFB02090061CE97 /* Products */ = {
			isa = PBXGroup;
			children = (
				551A04FD1DFB02090061CE97 /* Spared.app */,
			);
			name = Products;
			sourceTree = "<group>";
		};
		551A04FF1DFB02090061CE97 /* Spared */ = {
			isa = PBXGroup;
			children = (
				551A05161DFB10610061CE97 /* Classes */,
				551A05121DFB0D050061CE97 /* Views */,
				551A05001DFB02090061CE97 /* AppDelegate.swift */,
				551A05021DFB02090061CE97 /* ViewController.swift */,
				551A05041DFB02090061CE97 /* Main.storyboard */,
				551A05071DFB02090061CE97 /* Assets.xcassets */,
				551A05091DFB02090061CE97 /* LaunchScreen.storyboard */,
				551A050C1DFB02090061CE97 /* Info.plist */,
			);
			path = Spared;
			sourceTree = "<group>";
		};
		551A05121DFB0D050061CE97 /* Views */ = {
			isa = PBXGroup;
			children = (
				551A05221DFBB32A0061CE97 /* Home */,
				551A05131DFB0DB80061CE97 /* Intro */,
			);
			name = Views;
			sourceTree = "<group>";
		};
		551A05131DFB0DB80061CE97 /* Intro */ = {
			isa = PBXGroup;
			children = (
				551A05141DFB0DE20061CE97 /* IntroViewController.swift */,
				551A051A1DFB3BE10061CE97 /* SignInViewController.swift */,
				551A051C1DFB3BF30061CE97 /* RegisterViewController.swift */,
				551A051E1DFB51320061CE97 /* SignInNavigationViewController.swift */,
				551A05201DFBA73B0061CE97 /* TypeViewController.swift */,
			);
			name = Intro;
			sourceTree = "<group>";
		};
		551A05161DFB10610061CE97 /* Classes */ = {
			isa = PBXGroup;
			children = (
				551A05251DFC62670061CE97 /* Charts */,
				551A05171DFB10690061CE97 /* Utils */,
			);
			name = Classes;
			sourceTree = "<group>";
		};
		551A05171DFB10690061CE97 /* Utils */ = {
			isa = PBXGroup;
			children = (
				551A05181DFB10800061CE97 /* Utils.swift */,
			);
			name = Utils;
			sourceTree = "<group>";
		};
		551A05221DFBB32A0061CE97 /* Home */ = {
			isa = PBXGroup;
			children = (
				551A05231DFBB33C0061CE97 /* HomeViewController.swift */,
			);
			name = Home;
			sourceTree = "<group>";
		};
		551A05251DFC62670061CE97 /* Charts */ = {
			isa = PBXGroup;
			children = (
				551A05261DFC62840061CE97 /* BallonMaker.swift */,
				551A05281DFC6C120061CE97 /* XYMarkerView.swift */,
			);
			name = Charts;
			sourceTree = "<group>";
		};
		BCA049875FAA02F785B1E7F0 /* Pods */ = {
			isa = PBXGroup;
			children = (
				94FBA2B813A2A0BE81E71798 /* Pods-Spared.debug.xcconfig */,
				C905D23279F2E2A3F097E249 /* Pods-Spared.release.xcconfig */,
			);
			name = Pods;
			sourceTree = "<group>";
		};
		C926CBF803662B4A101DC02E /* Frameworks */ = {
			isa = PBXGroup;
			children = (
				E541D1A33200E9A6DA2A70A4 /* Pods_Spared.framework */,
			);
			name = Frameworks;
			sourceTree = "<group>";
		};
/* End PBXGroup section */

/* Begin PBXNativeTarget section */
		551A04FC1DFB02090061CE97 /* Spared */ = {
			isa = PBXNativeTarget;
			buildConfigurationList = 551A050F1DFB02090061CE97 /* Build configuration list for PBXNativeTarget "Spared" */;
			buildPhases = (
				9849F42CDE19C5B6134B021D /* [CP] Check Pods Manifest.lock */,
				551A04F91DFB02090061CE97 /* Sources */,
				551A04FA1DFB02090061CE97 /* Frameworks */,
				551A04FB1DFB02090061CE97 /* Resources */,
				865D91E22EEEE77375EC7F24 /* [CP] Embed Pods Frameworks */,
				3B36DD2767F21A86A86754B0 /* [CP] Copy Pods Resources */,
			);
			buildRules = (
			);
			dependencies = (
			);
			name = Spared;
			productName = Spared;
			productReference = 551A04FD1DFB02090061CE97 /* Spared.app */;
			productType = "com.apple.product-type.application";
		};
/* End PBXNativeTarget section */

/* Begin PBXProject section */
		551A04F51DFB02090061CE97 /* Project object */ = {
			isa = PBXProject;
			attributes = {
				LastSwiftUpdateCheck = 0810;
				LastUpgradeCheck = 0810;
				ORGANIZATIONNAME = lloo;
				TargetAttributes = {
					551A04FC1DFB02090061CE97 = {
						CreatedOnToolsVersion = 8.1;
						DevelopmentTeam = D47P79V39P;
						ProvisioningStyle = Automatic;
					};
				};
			};
			buildConfigurationList = 551A04F81DFB02090061CE97 /* Build configuration list for PBXProject "Spared" */;
			compatibilityVersion = "Xcode 3.2";
			developmentRegion = English;
			hasScannedForEncodings = 0;
			knownRegions = (
				en,
				Base,
			);
			mainGroup = 551A04F41DFB02090061CE97;
			productRefGroup = 551A04FE1DFB02090061CE97 /* Products */;
			projectDirPath = "";
			projectRoot = "";
			targets = (
				551A04FC1DFB02090061CE97 /* Spared */,
			);
		};
/* End PBXProject section */

/* Begin PBXResourcesBuildPhase section */
		551A04FB1DFB02090061CE97 /* Resources */ = {
			isa = PBXResourcesBuildPhase;
			buildActionMask = 2147483647;
			files = (
				551A050B1DFB02090061CE97 /* LaunchScreen.storyboard in Resources */,
				551A05081DFB02090061CE97 /* Assets.xcassets in Resources */,
				551A05061DFB02090061CE97 /* Main.storyboard in Resources */,
			);
			runOnlyForDeploymentPostprocessing = 0;
		};
/* End PBXResourcesBuildPhase section */

/* Begin PBXShellScriptBuildPhase section */
		3B36DD2767F21A86A86754B0 /* [CP] Copy Pods Resources */ = {
			isa = PBXShellScriptBuildPhase;
			buildActionMask = 2147483647;
			files = (
			);
			inputPaths = (
			);
			name = "[CP] Copy Pods Resources";
			outputPaths = (
			);
			runOnlyForDeploymentPostprocessing = 0;
			shellPath = /bin/sh;
			shellScript = "\"${SRCROOT}/Pods/Target Support Files/Pods-Spared/Pods-Spared-resources.sh\"\n";
			showEnvVarsInLog = 0;
		};
		865D91E22EEEE77375EC7F24 /* [CP] Embed Pods Frameworks */ = {
			isa = PBXShellScriptBuildPhase;
			buildActionMask = 2147483647;
			files = (
			);
			inputPaths = (
			);
			name = "[CP] Embed Pods Frameworks";
			outputPaths = (
			);
			runOnlyForDeploymentPostprocessing = 0;
			shellPath = /bin/sh;
			shellScript = "\"${SRCROOT}/Pods/Target Support Files/Pods-Spared/Pods-Spared-frameworks.sh\"\n";
			showEnvVarsInLog = 0;
		};
		9849F42CDE19C5B6134B021D /* [CP] Check Pods Manifest.lock */ = {
			isa = PBXShellScriptBuildPhase;
			buildActionMask = 2147483647;
			files = (
			);
			inputPaths = (
			);
			name = "[CP] Check Pods Manifest.lock";
			outputPaths = (
			);
			runOnlyForDeploymentPostprocessing = 0;
			shellPath = /bin/sh;
			shellScript = "diff \"${PODS_ROOT}/../Podfile.lock\" \"${PODS_ROOT}/Manifest.lock\" > /dev/null\nif [ $? != 0 ] ; then\n    # print error to STDERR\n    echo \"error: The sandbox is not in sync with the Podfile.lock. Run 'pod install' or update your CocoaPods installation.\" >&2\n    exit 1\nfi\n";
			showEnvVarsInLog = 0;
		};
/* End PBXShellScriptBuildPhase section */

/* Begin PBXSourcesBuildPhase section */
		551A04F91DFB02090061CE97 /* Sources */ = {
			isa = PBXSourcesBuildPhase;
			buildActionMask = 2147483647;
			files = (
				551A051F1DFB51320061CE97 /* SignInNavigationViewController.swift in Sources */,
				551A05151DFB0DE20061CE97 /* IntroViewController.swift in Sources */,
				551A05191DFB10800061CE97 /* Utils.swift in Sources */,
				551A05031DFB02090061CE97 /* ViewController.swift in Sources */,
				551A05291DFC6C120061CE97 /* XYMarkerView.swift in Sources */,
				551A05211DFBA73B0061CE97 /* TypeViewController.swift in Sources */,
				551A05241DFBB33C0061CE97 /* HomeViewController.swift in Sources */,
				551A051D1DFB3BF30061CE97 /* RegisterViewController.swift in Sources */,
				551A051B1DFB3BE10061CE97 /* SignInViewController.swift in Sources */,
				551A05271DFC62840061CE97 /* BallonMaker.swift in Sources */,
				551A05011DFB02090061CE97 /* AppDelegate.swift in Sources */,
			);
			runOnlyForDeploymentPostprocessing = 0;
		};
/* End PBXSourcesBuildPhase section */

/* Begin PBXVariantGroup section */
		551A05041DFB02090061CE97 /* Main.storyboard */ = {
			isa = PBXVariantGroup;
			children = (
				551A05051DFB02090061CE97 /* Base */,
			);
			name = Main.storyboard;
			sourceTree = "<group>";
		};
		551A05091DFB02090061CE97 /* LaunchScreen.storyboard */ = {
			isa = PBXVariantGroup;
			children = (
				551A050A1DFB02090061CE97 /* Base */,
			);
			name = LaunchScreen.storyboard;
			sourceTree = "<group>";
		};
/* End PBXVariantGroup section */

/* Begin XCBuildConfiguration section */
		551A050D1DFB02090061CE97 /* Debug */ = {
			isa = XCBuildConfiguration;
			buildSettings = {
				ALWAYS_SEARCH_USER_PATHS = NO;
				CLANG_ANALYZER_NONNULL = YES;
				CLANG_CXX_LANGUAGE_STANDARD = "gnu++0x";
				CLANG_CXX_LIBRARY = "libc++";
				CLANG_ENABLE_MODULES = YES;
				CLANG_ENABLE_OBJC_ARC = YES;
				CLANG_WARN_BOOL_CONVERSION = YES;
				CLANG_WARN_CONSTANT_CONVERSION = YES;
				CLANG_WARN_DIRECT_OBJC_ISA_USAGE = YES_ERROR;
				CLANG_WARN_DOCUMENTATION_COMMENTS = YES;
				CLANG_WARN_EMPTY_BODY = YES;
				CLANG_WARN_ENUM_CONVERSION = YES;
				CLANG_WARN_INFINITE_RECURSION = YES;
				CLANG_WARN_INT_CONVERSION = YES;
				CLANG_WARN_OBJC_ROOT_CLASS = YES_ERROR;
				CLANG_WARN_SUSPICIOUS_MOVES = YES;
				CLANG_WARN_UNREACHABLE_CODE = YES;
				CLANG_WARN__DUPLICATE_METHOD_MATCH = YES;
				"CODE_SIGN_IDENTITY[sdk=iphoneos*]" = "iPhone Developer";
				COPY_PHASE_STRIP = NO;
				DEBUG_INFORMATION_FORMAT = dwarf;
				ENABLE_STRICT_OBJC_MSGSEND = YES;
				ENABLE_TESTABILITY = YES;
				GCC_C_LANGUAGE_STANDARD = gnu99;
				GCC_DYNAMIC_NO_PIC = NO;
				GCC_NO_COMMON_BLOCKS = YES;
				GCC_OPTIMIZATION_LEVEL = 0;
				GCC_PREPROCESSOR_DEFINITIONS = (
					"DEBUG=1",
					"$(inherited)",
				);
				GCC_WARN_64_TO_32_BIT_CONVERSION = YES;
				GCC_WARN_ABOUT_RETURN_TYPE = YES_ERROR;
				GCC_WARN_UNDECLARED_SELECTOR = YES;
				GCC_WARN_UNINITIALIZED_AUTOS = YES_AGGRESSIVE;
				GCC_WARN_UNUSED_FUNCTION = YES;
				GCC_WARN_UNUSED_VARIABLE = YES;
				IPHONEOS_DEPLOYMENT_TARGET = 10.1;
				MTL_ENABLE_DEBUG_INFO = YES;
				ONLY_ACTIVE_ARCH = YES;
				SDKROOT = iphoneos;
				SWIFT_ACTIVE_COMPILATION_CONDITIONS = DEBUG;
				SWIFT_OPTIMIZATION_LEVEL = "-Onone";
				TARGETED_DEVICE_FAMILY = "1,2";
			};
			name = Debug;
		};
		551A050E1DFB02090061CE97 /* Release */ = {
			isa = XCBuildConfiguration;
			buildSettings = {
				ALWAYS_SEARCH_USER_PATHS = NO;
				CLANG_ANALYZER_NONNULL = YES;
				CLANG_CXX_LANGUAGE_STANDARD = "gnu++0x";
				CLANG_CXX_LIBRARY = "libc++";
				CLANG_ENABLE_MODULES = YES;
				CLANG_ENABLE_OBJC_ARC = YES;
				CLANG_WARN_BOOL_CONVERSION = YES;
				CLANG_WARN_CONSTANT_CONVERSION = YES;
				CLANG_WARN_DIRECT_OBJC_ISA_USAGE = YES_ERROR;
				CLANG_WARN_DOCUMENTATION_COMMENTS = YES;
				CLANG_WARN_EMPTY_BODY = YES;
				CLANG_WARN_ENUM_CONVERSION = YES;
				CLANG_WARN_INFINITE_RECURSION = YES;
				CLANG_WARN_INT_CONVERSION = YES;
				CLANG_WARN_OBJC_ROOT_CLASS = YES_ERROR;
				CLANG_WARN_SUSPICIOUS_MOVES = YES;
				CLANG_WARN_UNREACHABLE_CODE = YES;
				CLANG_WARN__DUPLICATE_METHOD_MATCH = YES;
				"CODE_SIGN_IDENTITY[sdk=iphoneos*]" = "iPhone Developer";
				COPY_PHASE_STRIP = NO;
				DEBUG_INFORMATION_FORMAT = "dwarf-with-dsym";
				ENABLE_NS_ASSERTIONS = NO;
				ENABLE_STRICT_OBJC_MSGSEND = YES;
				GCC_C_LANGUAGE_STANDARD = gnu99;
				GCC_NO_COMMON_BLOCKS = YES;
				GCC_WARN_64_TO_32_BIT_CONVERSION = YES;
				GCC_WARN_ABOUT_RETURN_TYPE = YES_ERROR;
				GCC_WARN_UNDECLARED_SELECTOR = YES;
				GCC_WARN_UNINITIALIZED_AUTOS = YES_AGGRESSIVE;
				GCC_WARN_UNUSED_FUNCTION = YES;
				GCC_WARN_UNUSED_VARIABLE = YES;
				IPHONEOS_DEPLOYMENT_TARGET = 10.1;
				MTL_ENABLE_DEBUG_INFO = NO;
				SDKROOT = iphoneos;
				SWIFT_OPTIMIZATION_LEVEL = "-Owholemodule";
				TARGETED_DEVICE_FAMILY = "1,2";
				VALIDATE_PRODUCT = YES;
			};
			name = Release;
		};
		551A05101DFB02090061CE97 /* Debug */ = {
			isa = XCBuildConfiguration;
			baseConfigurationReference = 94FBA2B813A2A0BE81E71798 /* Pods-Spared.debug.xcconfig */;
			buildSettings = {
				ASSETCATALOG_COMPILER_APPICON_NAME = AppIcon;
				DEVELOPMENT_TEAM = D47P79V39P;
				INFOPLIST_FILE = Spared/Info.plist;
				LD_RUNPATH_SEARCH_PATHS = "$(inherited) @executable_path/Frameworks";
				PRODUCT_BUNDLE_IDENTIFIER = com.lloo.Spared;
				PRODUCT_NAME = "$(TARGET_NAME)";
				SWIFT_VERSION = 3.0;
			};
			name = Debug;
		};
		551A05111DFB02090061CE97 /* Release */ = {
			isa = XCBuildConfiguration;
			baseConfigurationReference = C905D23279F2E2A3F097E249 /* Pods-Spared.release.xcconfig */;
			buildSettings = {
				ASSETCATALOG_COMPILER_APPICON_NAME = AppIcon;
				DEVELOPMENT_TEAM = D47P79V39P;
				INFOPLIST_FILE = Spared/Info.plist;
				LD_RUNPATH_SEARCH_PATHS = "$(inherited) @executable_path/Frameworks";
				PRODUCT_BUNDLE_IDENTIFIER = com.lloo.Spared;
				PRODUCT_NAME = "$(TARGET_NAME)";
				SWIFT_VERSION = 3.0;
			};
			name = Release;
		};
/* End XCBuildConfiguration section */

/* Begin XCConfigurationList section */
		551A04F81DFB02090061CE97 /* Build configuration list for PBXProject "Spared" */ = {
			isa = XCConfigurationList;
			buildConfigurations = (
				551A050D1DFB02090061CE97 /* Debug */,
				551A050E1DFB02090061CE97 /* Release */,
			);
			defaultConfigurationIsVisible = 0;
			defaultConfigurationName = Release;
		};
		551A050F1DFB02090061CE97 /* Build configuration list for PBXNativeTarget "Spared" */ = {
			isa = XCConfigurationList;
			buildConfigurations = (
				551A05101DFB02090061CE97 /* Debug */,
				551A05111DFB02090061CE97 /* Release */,
			);
			defaultConfigurationIsVisible = 0;
			defaultConfigurationName = Release;
		};
/* End XCConfigurationList section */
	};
	rootObject = 551A04F51DFB02090061CE97 /* Project object */;
}
